
Microsoft Visual Studio Solution File, Format Version 12.00
# Visual Studio Version 17
VisualStudioVersion = 17.0.32126.317
MinimumVisualStudioVersion = 10.0.40219.1
Project("{8BC9CEB8-8B4A-11D0-8D11-00A0C91BC942}") = "Програма 1", "Програма 1\Програма 1.vcxproj", "{08140CB5-C262-4F49-A1C1-9781C5B854F4}"
EndProject
Global
	GlobalSection(SolutionConfigurationPlatforms) = preSolution
		Debug|x64 = Debug|x64
		Debug|x86 = Debug|x86
		Release|x64 = Release|x64
		Release|x86 = Release|x86
	EndGlobalSection
	GlobalSection(ProjectConfigurationPlatforms) = postSolution
		{08140CB5-C262-4F49-A1C1-9781C5B854F4}.Debug|x64.ActiveCfg = Debug|x64
		{08140CB5-C262-4F49-A1C1-9781C5B854F4}.Debug|x64.Build.0 = Debug|x64
		{08140CB5-C262-4F49-A1C1-9781C5B854F4}.Debug|x86.ActiveCfg = Debug|Win32
		{08140CB5-C262-4F49-A1C1-9781C5B854F4}.Debug|x86.Build.0 = Debug|Win32
		{08140CB5-C262-4F49-A1C1-9781C5B854F4}.Release|x64.ActiveCfg = Release|x64
		{08140CB5-C262-4F49-A1C1-9781C5B854F4}.Release|x64.Build.0 = Release|x64
		{08140CB5-C262-4F49-A1C1-9781C5B854F4}.Release|x86.ActiveCfg = Release|Win32
		{08140CB5-C262-4F49-A1C1-9781C5B854F4}.Release|x86.Build.0 = Release|Win32
	EndGlobalSection
	GlobalSection(SolutionProperties) = preSolution
		HideSolutionNode = FALSE
	EndGlobalSection
	GlobalSection(ExtensibilityGlobals) = postSolution
		SolutionGuid = {541E47CE-C5F2-48A3-921B-86B6DF372BBA}
	EndGlobalSection
EndGlobal
